
Microsoft Visual Studio Solution File, Format Version 12.00
# Visual Studio Version 17
VisualStudioVersion = 17.5.33627.172
MinimumVisualStudioVersion = 10.0.40219.1
Project("{9A19103F-16F7-4668-BE54-9A1E7A4F7556}") = "ShapeDrawer", "ShapeDrawer.csproj", "{DB42D4BA-B8A3-4767-9EC3-92BBB5CA4491}"
EndProject
Global
	GlobalSection(SolutionConfigurationPlatforms) = preSolution
		Debug|Any CPU = Debug|Any CPU
		Release|Any CPU = Release|Any CPU
	EndGlobalSection
	GlobalSection(ProjectConfigurationPlatforms) = postSolution
		{DB42D4BA-B8A3-4767-9EC3-92BBB5CA4491}.Debug|Any CPU.ActiveCfg = Debug|Any CPU
		{DB42D4BA-B8A3-4767-9EC3-92BBB5CA4491}.Debug|Any CPU.Build.0 = Debug|Any CPU
		{DB42D4BA-B8A3-4767-9EC3-92BBB5CA4491}.Release|Any CPU.ActiveCfg = Release|Any CPU
		{DB42D4BA-B8A3-4767-9EC3-92BBB5CA4491}.Release|Any CPU.Build.0 = Release|Any CPU
	EndGlobalSection
	GlobalSection(SolutionProperties) = preSolution
		HideSolutionNode = FALSE
	EndGlobalSection
	GlobalSection(ExtensibilityGlobals) = postSolution
		SolutionGuid = {01058999-4A5B-42F5-832E-F212E4480987}
	EndGlobalSection
EndGlobal
