
Microsoft Visual Studio Solution File, Format Version 12.00
# Visual Studio Version 17
VisualStudioVersion = 17.5.33627.172
MinimumVisualStudioVersion = 10.0.40219.1
Project("{FAE04EC0-301F-11D3-BF4B-00C04F79EFBC}") = "testing", "testing\testing.csproj", "{104D0412-54CC-4549-AE6C-BC4BDA5EABDD}"
EndProject
Global
	GlobalSection(SolutionConfigurationPlatforms) = preSolution
		Debug|Any CPU = Debug|Any CPU
		Release|Any CPU = Release|Any CPU
	EndGlobalSection
	GlobalSection(ProjectConfigurationPlatforms) = postSolution
		{104D0412-54CC-4549-AE6C-BC4BDA5EABDD}.Debug|Any CPU.ActiveCfg = Debug|Any CPU
		{104D0412-54CC-4549-AE6C-BC4BDA5EABDD}.Debug|Any CPU.Build.0 = Debug|Any CPU
		{104D0412-54CC-4549-AE6C-BC4BDA5EABDD}.Release|Any CPU.ActiveCfg = Release|Any CPU
		{104D0412-54CC-4549-AE6C-BC4BDA5EABDD}.Release|Any CPU.Build.0 = Release|Any CPU
	EndGlobalSection
	GlobalSection(SolutionProperties) = preSolution
		HideSolutionNode = FALSE
	EndGlobalSection
	GlobalSection(ExtensibilityGlobals) = postSolution
		SolutionGuid = {7F1EF1D7-3747-4CA5-BB65-54417708991A}
	EndGlobalSection
EndGlobal
