
Microsoft Visual Studio Solution File, Format Version 12.00
# Visual Studio Version 17
VisualStudioVersion = 17.5.33627.172
MinimumVisualStudioVersion = 10.0.40219.1
Project("{9A19103F-16F7-4668-BE54-9A1E7A4F7556}") = "splashket_text", "splashket_text.csproj", "{33127AF2-161E-4605-840B-850D73FBE915}"
EndProject
Global
	GlobalSection(SolutionConfigurationPlatforms) = preSolution
		Debug|Any CPU = Debug|Any CPU
		Release|Any CPU = Release|Any CPU
	EndGlobalSection
	GlobalSection(ProjectConfigurationPlatforms) = postSolution
		{33127AF2-161E-4605-840B-850D73FBE915}.Debug|Any CPU.ActiveCfg = Debug|Any CPU
		{33127AF2-161E-4605-840B-850D73FBE915}.Debug|Any CPU.Build.0 = Debug|Any CPU
		{33127AF2-161E-4605-840B-850D73FBE915}.Release|Any CPU.ActiveCfg = Release|Any CPU
		{33127AF2-161E-4605-840B-850D73FBE915}.Release|Any CPU.Build.0 = Release|Any CPU
	EndGlobalSection
	GlobalSection(SolutionProperties) = preSolution
		HideSolutionNode = FALSE
	EndGlobalSection
	GlobalSection(ExtensibilityGlobals) = postSolution
		SolutionGuid = {F6F39728-CF65-4DE0-9AF1-BAA7DDA58744}
	EndGlobalSection
EndGlobal
