
Microsoft Visual Studio Solution File, Format Version 12.00
# Visual Studio Version 17
VisualStudioVersion = 17.5.33627.172
MinimumVisualStudioVersion = 10.0.40219.1
Project("{FAE04EC0-301F-11D3-BF4B-00C04F79EFBC}") = "CounterTask", "CounterTask\CounterTask.csproj", "{ADBCBB11-068F-4A21-968C-7AEB73BA5B4B}"
EndProject
Global
	GlobalSection(SolutionConfigurationPlatforms) = preSolution
		Debug|Any CPU = Debug|Any CPU
		Release|Any CPU = Release|Any CPU
	EndGlobalSection
	GlobalSection(ProjectConfigurationPlatforms) = postSolution
		{ADBCBB11-068F-4A21-968C-7AEB73BA5B4B}.Debug|Any CPU.ActiveCfg = Debug|Any CPU
		{ADBCBB11-068F-4A21-968C-7AEB73BA5B4B}.Debug|Any CPU.Build.0 = Debug|Any CPU
		{ADBCBB11-068F-4A21-968C-7AEB73BA5B4B}.Release|Any CPU.ActiveCfg = Release|Any CPU
		{ADBCBB11-068F-4A21-968C-7AEB73BA5B4B}.Release|Any CPU.Build.0 = Release|Any CPU
	EndGlobalSection
	GlobalSection(SolutionProperties) = preSolution
		HideSolutionNode = FALSE
	EndGlobalSection
	GlobalSection(ExtensibilityGlobals) = postSolution
		SolutionGuid = {B76F9BC2-FF9B-4F47-A50A-14C92A1C6627}
	EndGlobalSection
EndGlobal
