
Microsoft Visual Studio Solution File, Format Version 12.00
# Visual Studio Version 17
VisualStudioVersion = 17.5.33627.172
MinimumVisualStudioVersion = 10.0.40219.1
Project("{FAE04EC0-301F-11D3-BF4B-00C04F79EFBC}") = "ClockClass", "ClockClass\ClockClass.csproj", "{E9F689C4-B33E-46E3-86F2-8369384673F3}"
EndProject
Project("{FAE04EC0-301F-11D3-BF4B-00C04F79EFBC}") = "TestUnit", "TestUnit\TestUnit.csproj", "{04414348-0347-4181-89D2-D6EA76E64434}"
EndProject
Global
	GlobalSection(SolutionConfigurationPlatforms) = preSolution
		Debug|Any CPU = Debug|Any CPU
		Release|Any CPU = Release|Any CPU
	EndGlobalSection
	GlobalSection(ProjectConfigurationPlatforms) = postSolution
		{E9F689C4-B33E-46E3-86F2-8369384673F3}.Debug|Any CPU.ActiveCfg = Debug|Any CPU
		{E9F689C4-B33E-46E3-86F2-8369384673F3}.Debug|Any CPU.Build.0 = Debug|Any CPU
		{E9F689C4-B33E-46E3-86F2-8369384673F3}.Release|Any CPU.ActiveCfg = Release|Any CPU
		{E9F689C4-B33E-46E3-86F2-8369384673F3}.Release|Any CPU.Build.0 = Release|Any CPU
		{04414348-0347-4181-89D2-D6EA76E64434}.Debug|Any CPU.ActiveCfg = Debug|Any CPU
		{04414348-0347-4181-89D2-D6EA76E64434}.Debug|Any CPU.Build.0 = Debug|Any CPU
		{04414348-0347-4181-89D2-D6EA76E64434}.Release|Any CPU.ActiveCfg = Release|Any CPU
		{04414348-0347-4181-89D2-D6EA76E64434}.Release|Any CPU.Build.0 = Release|Any CPU
	EndGlobalSection
	GlobalSection(SolutionProperties) = preSolution
		HideSolutionNode = FALSE
	EndGlobalSection
	GlobalSection(ExtensibilityGlobals) = postSolution
		SolutionGuid = {690C70BD-3CA6-49D1-8E16-42B3F7461049}
	EndGlobalSection
EndGlobal
