
Microsoft Visual Studio Solution File, Format Version 12.00
# Visual Studio Version 17
VisualStudioVersion = 17.5.33627.172
MinimumVisualStudioVersion = 10.0.40219.1
Project("{FAE04EC0-301F-11D3-BF4B-00C04F79EFBC}") = "SwinAdventure", "SwinAdventure\SwinAdventure.csproj", "{8316C9F5-C3A9-4B99-9A90-E8CE016AAD6C}"
EndProject
Project("{FAE04EC0-301F-11D3-BF4B-00C04F79EFBC}") = "SwinAdventureTest", "SwinAdventureTest\SwinAdventureTest.csproj", "{82DE0923-0B93-4FCB-94D4-2B191118F498}"
EndProject
Global
	GlobalSection(SolutionConfigurationPlatforms) = preSolution
		Debug|Any CPU = Debug|Any CPU
		Release|Any CPU = Release|Any CPU
	EndGlobalSection
	GlobalSection(ProjectConfigurationPlatforms) = postSolution
		{8316C9F5-C3A9-4B99-9A90-E8CE016AAD6C}.Debug|Any CPU.ActiveCfg = Debug|Any CPU
		{8316C9F5-C3A9-4B99-9A90-E8CE016AAD6C}.Debug|Any CPU.Build.0 = Debug|Any CPU
		{8316C9F5-C3A9-4B99-9A90-E8CE016AAD6C}.Release|Any CPU.ActiveCfg = Release|Any CPU
		{8316C9F5-C3A9-4B99-9A90-E8CE016AAD6C}.Release|Any CPU.Build.0 = Release|Any CPU
		{82DE0923-0B93-4FCB-94D4-2B191118F498}.Debug|Any CPU.ActiveCfg = Debug|Any CPU
		{82DE0923-0B93-4FCB-94D4-2B191118F498}.Debug|Any CPU.Build.0 = Debug|Any CPU
		{82DE0923-0B93-4FCB-94D4-2B191118F498}.Release|Any CPU.ActiveCfg = Release|Any CPU
		{82DE0923-0B93-4FCB-94D4-2B191118F498}.Release|Any CPU.Build.0 = Release|Any CPU
	EndGlobalSection
	GlobalSection(SolutionProperties) = preSolution
		HideSolutionNode = FALSE
	EndGlobalSection
	GlobalSection(ExtensibilityGlobals) = postSolution
		SolutionGuid = {D3FEE857-5AB2-48DA-B032-93F9E313D636}
	EndGlobalSection
EndGlobal
